
Microsoft Visual Studio Solution File, Format Version 12.00
# Visual Studio Version 16
VisualStudioVersion = 16.0.31729.503
MinimumVisualStudioVersion = 10.0.40219.1
Project("{FAE04EC0-301F-11D3-BF4B-00C04F79EFBC}") = "MyCar", "MyCar\MyCar.csproj", "{25B4F45F-19BC-4EC4-95F5-087F6AB4C752}"
EndProject
Global
	GlobalSection(SolutionConfigurationPlatforms) = preSolution
		Debug|Any CPU = Debug|Any CPU
		Release|Any CPU = Release|Any CPU
	EndGlobalSection
	GlobalSection(ProjectConfigurationPlatforms) = postSolution
		{25B4F45F-19BC-4EC4-95F5-087F6AB4C752}.Debug|Any CPU.ActiveCfg = Debug|Any CPU
		{25B4F45F-19BC-4EC4-95F5-087F6AB4C752}.Debug|Any CPU.Build.0 = Debug|Any CPU
		{25B4F45F-19BC-4EC4-95F5-087F6AB4C752}.Release|Any CPU.ActiveCfg = Release|Any CPU
		{25B4F45F-19BC-4EC4-95F5-087F6AB4C752}.Release|Any CPU.Build.0 = Release|Any CPU
	EndGlobalSection
	GlobalSection(SolutionProperties) = preSolution
		HideSolutionNode = FALSE
	EndGlobalSection
	GlobalSection(ExtensibilityGlobals) = postSolution
		SolutionGuid = {45A8C6AE-2CD4-49C3-A618-05EA7323F71C}
	EndGlobalSection
EndGlobal
